
Microsoft Visual Studio Solution File, Format Version 12.00
# Visual Studio Version 16
VisualStudioVersion = 16.0.29911.84
MinimumVisualStudioVersion = 10.0.40219.1
Project("{FAE04EC0-301F-11D3-BF4B-00C04F79EFBC}") = "Pruebas", "Pruebas\Pruebas.csproj", "{8528A694-562E-4E86-B01D-47B6C7217930}"
EndProject
Global
	GlobalSection(SolutionConfigurationPlatforms) = preSolution
		Debug|Any CPU = Debug|Any CPU
		Release|Any CPU = Release|Any CPU
	EndGlobalSection
	GlobalSection(ProjectConfigurationPlatforms) = postSolution
		{8528A694-562E-4E86-B01D-47B6C7217930}.Debug|Any CPU.ActiveCfg = Debug|Any CPU
		{8528A694-562E-4E86-B01D-47B6C7217930}.Debug|Any CPU.Build.0 = Debug|Any CPU
		{8528A694-562E-4E86-B01D-47B6C7217930}.Release|Any CPU.ActiveCfg = Release|Any CPU
		{8528A694-562E-4E86-B01D-47B6C7217930}.Release|Any CPU.Build.0 = Release|Any CPU
	EndGlobalSection
	GlobalSection(SolutionProperties) = preSolution
		HideSolutionNode = FALSE
	EndGlobalSection
	GlobalSection(ExtensibilityGlobals) = postSolution
		SolutionGuid = {18D49DC8-D042-4346-84A8-E371B9ECAAD7}
	EndGlobalSection
EndGlobal
